// !$*UTF8*$!
{
	archiveVersion = 1;
	classes = {
	};
	objectVersion = 56;
	objects = {

/* Begin PBXBuildFile section */
		685164802C0EF87400268CC1 /* AppDelegate.swift in Sources */ = {isa = PBXBuildFile; fileRef = 6851647F2C0EF87400268CC1 /* AppDelegate.swift */; };
		685164822C0EF87400268CC1 /* SceneDelegate.swift in Sources */ = {isa = PBXBuildFile; fileRef = 685164812C0EF87400268CC1 /* SceneDelegate.swift */; };
		685164872C0EF87400268CC1 /* Base in Resources */ = {isa = PBXBuildFile; fileRef = 685164862C0EF87400268CC1 /* Base */; };
		685164892C0EF87500268CC1 /* Assets.xcassets in Resources */ = {isa = PBXBuildFile; fileRef = 685164882C0EF87500268CC1 /* Assets.xcassets */; };
		6851648C2C0EF87500268CC1 /* Base in Resources */ = {isa = PBXBuildFile; fileRef = 6851648B2C0EF87500268CC1 /* Base */; };
		685164942C0EF8C200268CC1 /* SignUpViewController.swift in Sources */ = {isa = PBXBuildFile; fileRef = 685164932C0EF8C200268CC1 /* SignUpViewController.swift */; };
		6851649D2C0EFC3800268CC1 /* SnapKit in Frameworks */ = {isa = PBXBuildFile; productRef = 6851649C2C0EFC3800268CC1 /* SnapKit */; };
		685164A02C0F0A2E00268CC1 /* HomeViewController.swift in Sources */ = {isa = PBXBuildFile; fileRef = 6851649F2C0F0A2E00268CC1 /* HomeViewController.swift */; };
		685164A32C0F104100268CC1 /* MediaViewController.swift in Sources */ = {isa = PBXBuildFile; fileRef = 685164A22C0F104100268CC1 /* MediaViewController.swift */; };
		685164A62C0F59C800268CC1 /* UILabel+.swift in Sources */ = {isa = PBXBuildFile; fileRef = 685164A52C0F59C800268CC1 /* UILabel+.swift */; };
		685164A82C0F59CD00268CC1 /* UIButton+.swift in Sources */ = {isa = PBXBuildFile; fileRef = 685164A72C0F59CD00268CC1 /* UIButton+.swift */; };
		685164AA2C0F59FF00268CC1 /* UIImageView+.swift in Sources */ = {isa = PBXBuildFile; fileRef = 685164A92C0F59FF00268CC1 /* UIImageView+.swift */; };
		685164AC2C0F5A1A00268CC1 /* UITextField+.swift in Sources */ = {isa = PBXBuildFile; fileRef = 685164AB2C0F5A1A00268CC1 /* UITextField+.swift */; };
/* End PBXBuildFile section */

/* Begin PBXFileReference section */
		6851647C2C0EF87400268CC1 /* YegrMediaEX.app */ = {isa = PBXFileReference; explicitFileType = wrapper.application; includeInIndex = 0; path = YegrMediaEX.app; sourceTree = BUILT_PRODUCTS_DIR; };
		6851647F2C0EF87400268CC1 /* AppDelegate.swift */ = {isa = PBXFileReference; lastKnownFileType = sourcecode.swift; path = AppDelegate.swift; sourceTree = "<group>"; };
		685164812C0EF87400268CC1 /* SceneDelegate.swift */ = {isa = PBXFileReference; lastKnownFileType = sourcecode.swift; path = SceneDelegate.swift; sourceTree = "<group>"; };
		685164862C0EF87400268CC1 /* Base */ = {isa = PBXFileReference; lastKnownFileType = file.storyboard; name = Base; path = Base.lproj/Main.storyboard; sourceTree = "<group>"; };
		685164882C0EF87500268CC1 /* Assets.xcassets */ = {isa = PBXFileReference; lastKnownFileType = folder.assetcatalog; path = Assets.xcassets; sourceTree = "<group>"; };
		6851648B2C0EF87500268CC1 /* Base */ = {isa = PBXFileReference; lastKnownFileType = file.storyboard; name = Base; path = Base.lproj/LaunchScreen.storyboard; sourceTree = "<group>"; };
		6851648D2C0EF87500268CC1 /* Info.plist */ = {isa = PBXFileReference; lastKnownFileType = text.plist.xml; path = Info.plist; sourceTree = "<group>"; };
		685164932C0EF8C200268CC1 /* SignUpViewController.swift */ = {isa = PBXFileReference; lastKnownFileType = sourcecode.swift; path = SignUpViewController.swift; sourceTree = "<group>"; };
		6851649F2C0F0A2E00268CC1 /* HomeViewController.swift */ = {isa = PBXFileReference; lastKnownFileType = sourcecode.swift; path = HomeViewController.swift; sourceTree = "<group>"; };
		685164A22C0F104100268CC1 /* MediaViewController.swift */ = {isa = PBXFileReference; lastKnownFileType = sourcecode.swift; path = MediaViewController.swift; sourceTree = "<group>"; };
		685164A52C0F59C800268CC1 /* UILabel+.swift */ = {isa = PBXFileReference; lastKnownFileType = sourcecode.swift; path = "UILabel+.swift"; sourceTree = "<group>"; };
		685164A72C0F59CD00268CC1 /* UIButton+.swift */ = {isa = PBXFileReference; lastKnownFileType = sourcecode.swift; path = "UIButton+.swift"; sourceTree = "<group>"; };
		685164A92C0F59FF00268CC1 /* UIImageView+.swift */ = {isa = PBXFileReference; lastKnownFileType = sourcecode.swift; path = "UIImageView+.swift"; sourceTree = "<group>"; };
		685164AB2C0F5A1A00268CC1 /* UITextField+.swift */ = {isa = PBXFileReference; lastKnownFileType = sourcecode.swift; path = "UITextField+.swift"; sourceTree = "<group>"; };
/* End PBXFileReference section */

/* Begin PBXFrameworksBuildPhase section */
		685164792C0EF87400268CC1 /* Frameworks */ = {
			isa = PBXFrameworksBuildPhase;
			buildActionMask = 2147483647;
			files = (
				6851649D2C0EFC3800268CC1 /* SnapKit in Frameworks */,
			);
			runOnlyForDeploymentPostprocessing = 0;
		};
/* End PBXFrameworksBuildPhase section */

/* Begin PBXGroup section */
		685164732C0EF87400268CC1 = {
			isa = PBXGroup;
			children = (
				6851647E2C0EF87400268CC1 /* YegrMediaEX */,
				6851647D2C0EF87400268CC1 /* Products */,
			);
			sourceTree = "<group>";
		};
		6851647D2C0EF87400268CC1 /* Products */ = {
			isa = PBXGroup;
			children = (
				6851647C2C0EF87400268CC1 /* YegrMediaEX.app */,
			);
			name = Products;
			sourceTree = "<group>";
		};
		6851647E2C0EF87400268CC1 /* YegrMediaEX */ = {
			isa = PBXGroup;
			children = (
				685164A42C0F59BC00268CC1 /* Extensions */,
				6851647F2C0EF87400268CC1 /* AppDelegate.swift */,
				685164812C0EF87400268CC1 /* SceneDelegate.swift */,
				685164852C0EF87400268CC1 /* Main.storyboard */,
				685164882C0EF87500268CC1 /* Assets.xcassets */,
				6851648A2C0EF87500268CC1 /* LaunchScreen.storyboard */,
				685164A12C0F102100268CC1 /* TabBar */,
				685164952C0EF8DD00268CC1 /* SignUP */,
				6851649E2C0F09EC00268CC1 /* Home */,
				6851648D2C0EF87500268CC1 /* Info.plist */,
			);
			path = YegrMediaEX;
			sourceTree = "<group>";
		};
		685164952C0EF8DD00268CC1 /* SignUP */ = {
			isa = PBXGroup;
			children = (
				685164932C0EF8C200268CC1 /* SignUpViewController.swift */,
			);
			path = SignUP;
			sourceTree = "<group>";
		};
		6851649E2C0F09EC00268CC1 /* Home */ = {
			isa = PBXGroup;
			children = (
				6851649F2C0F0A2E00268CC1 /* HomeViewController.swift */,
			);
			path = Home;
			sourceTree = "<group>";
		};
		685164A12C0F102100268CC1 /* TabBar */ = {
			isa = PBXGroup;
			children = (
				685164A22C0F104100268CC1 /* MediaViewController.swift */,
			);
			path = TabBar;
			sourceTree = "<group>";
		};
		685164A42C0F59BC00268CC1 /* Extensions */ = {
			isa = PBXGroup;
			children = (
				685164A52C0F59C800268CC1 /* UILabel+.swift */,
				685164A72C0F59CD00268CC1 /* UIButton+.swift */,
				685164A92C0F59FF00268CC1 /* UIImageView+.swift */,
				685164AB2C0F5A1A00268CC1 /* UITextField+.swift */,
			);
			path = Extensions;
			sourceTree = "<group>";
		};
/* End PBXGroup section */

/* Begin PBXNativeTarget section */
		6851647B2C0EF87400268CC1 /* YegrMediaEX */ = {
			isa = PBXNativeTarget;
			buildConfigurationList = 685164902C0EF87500268CC1 /* Build configuration list for PBXNativeTarget "YegrMediaEX" */;
			buildPhases = (
				685164782C0EF87400268CC1 /* Sources */,
				685164792C0EF87400268CC1 /* Frameworks */,
				6851647A2C0EF87400268CC1 /* Resources */,
			);
			buildRules = (
			);
			dependencies = (
			);
			name = YegrMediaEX;
			packageProductDependencies = (
				6851649C2C0EFC3800268CC1 /* SnapKit */,
			);
			productName = YegrMediaEX;
			productReference = 6851647C2C0EF87400268CC1 /* YegrMediaEX.app */;
			productType = "com.apple.product-type.application";
		};
/* End PBXNativeTarget section */

/* Begin PBXProject section */
		685164742C0EF87400268CC1 /* Project object */ = {
			isa = PBXProject;
			attributes = {
				BuildIndependentTargetsInParallel = 1;
				LastSwiftUpdateCheck = 1540;
				LastUpgradeCheck = 1540;
				TargetAttributes = {
					6851647B2C0EF87400268CC1 = {
						CreatedOnToolsVersion = 15.4;
					};
				};
			};
			buildConfigurationList = 685164772C0EF87400268CC1 /* Build configuration list for PBXProject "YegrMediaEX" */;
			compatibilityVersion = "Xcode 14.0";
			developmentRegion = en;
			hasScannedForEncodings = 0;
			knownRegions = (
				en,
				Base,
			);
			mainGroup = 685164732C0EF87400268CC1;
			packageReferences = (
				6851649B2C0EFC3800268CC1 /* XCRemoteSwiftPackageReference "SnapKit" */,
			);
			productRefGroup = 6851647D2C0EF87400268CC1 /* Products */;
			projectDirPath = "";
			projectRoot = "";
			targets = (
				6851647B2C0EF87400268CC1 /* YegrMediaEX */,
			);
		};
/* End PBXProject section */

/* Begin PBXResourcesBuildPhase section */
		6851647A2C0EF87400268CC1 /* Resources */ = {
			isa = PBXResourcesBuildPhase;
			buildActionMask = 2147483647;
			files = (
				685164892C0EF87500268CC1 /* Assets.xcassets in Resources */,
				6851648C2C0EF87500268CC1 /* Base in Resources */,
				685164872C0EF87400268CC1 /* Base in Resources */,
			);
			runOnlyForDeploymentPostprocessing = 0;
		};
/* End PBXResourcesBuildPhase section */

/* Begin PBXSourcesBuildPhase section */
		685164782C0EF87400268CC1 /* Sources */ = {
			isa = PBXSourcesBuildPhase;
			buildActionMask = 2147483647;
			files = (
				685164AA2C0F59FF00268CC1 /* UIImageView+.swift in Sources */,
				685164AC2C0F5A1A00268CC1 /* UITextField+.swift in Sources */,
				685164A02C0F0A2E00268CC1 /* HomeViewController.swift in Sources */,
				685164A32C0F104100268CC1 /* MediaViewController.swift in Sources */,
				685164802C0EF87400268CC1 /* AppDelegate.swift in Sources */,
				685164A62C0F59C800268CC1 /* UILabel+.swift in Sources */,
				685164942C0EF8C200268CC1 /* SignUpViewController.swift in Sources */,
				685164822C0EF87400268CC1 /* SceneDelegate.swift in Sources */,
				685164A82C0F59CD00268CC1 /* UIButton+.swift in Sources */,
			);
			runOnlyForDeploymentPostprocessing = 0;
		};
/* End PBXSourcesBuildPhase section */

/* Begin PBXVariantGroup section */
		685164852C0EF87400268CC1 /* Main.storyboard */ = {
			isa = PBXVariantGroup;
			children = (
				685164862C0EF87400268CC1 /* Base */,
			);
			name = Main.storyboard;
			sourceTree = "<group>";
		};
		6851648A2C0EF87500268CC1 /* LaunchScreen.storyboard */ = {
			isa = PBXVariantGroup;
			children = (
				6851648B2C0EF87500268CC1 /* Base */,
			);
			name = LaunchScreen.storyboard;
			sourceTree = "<group>";
		};
/* End PBXVariantGroup section */

/* Begin XCBuildConfiguration section */
		6851648E2C0EF87500268CC1 /* Debug */ = {
			isa = XCBuildConfiguration;
			buildSettings = {
				ALWAYS_SEARCH_USER_PATHS = NO;
				ASSETCATALOG_COMPILER_GENERATE_SWIFT_ASSET_SYMBOL_EXTENSIONS = YES;
				CLANG_ANALYZER_NONNULL = YES;
				CLANG_ANALYZER_NUMBER_OBJECT_CONVERSION = YES_AGGRESSIVE;
				CLANG_CXX_LANGUAGE_STANDARD = "gnu++20";
				CLANG_ENABLE_MODULES = YES;
				CLANG_ENABLE_OBJC_ARC = YES;
				CLANG_ENABLE_OBJC_WEAK = YES;
				CLANG_WARN_BLOCK_CAPTURE_AUTORELEASING = YES;
				CLANG_WARN_BOOL_CONVERSION = YES;
				CLANG_WARN_COMMA = YES;
				CLANG_WARN_CONSTANT_CONVERSION = YES;
				CLANG_WARN_DEPRECATED_OBJC_IMPLEMENTATIONS = YES;
				CLANG_WARN_DIRECT_OBJC_ISA_USAGE = YES_ERROR;
				CLANG_WARN_DOCUMENTATION_COMMENTS = YES;
				CLANG_WARN_EMPTY_BODY = YES;
				CLANG_WARN_ENUM_CONVERSION = YES;
				CLANG_WARN_INFINITE_RECURSION = YES;
				CLANG_WARN_INT_CONVERSION = YES;
				CLANG_WARN_NON_LITERAL_NULL_CONVERSION = YES;
				CLANG_WARN_OBJC_IMPLICIT_RETAIN_SELF = YES;
				CLANG_WARN_OBJC_LITERAL_CONVERSION = YES;
				CLANG_WARN_OBJC_ROOT_CLASS = YES_ERROR;
				CLANG_WARN_QUOTED_INCLUDE_IN_FRAMEWORK_HEADER = YES;
				CLANG_WARN_RANGE_LOOP_ANALYSIS = YES;
				CLANG_WARN_STRICT_PROTOTYPES = YES;
				CLANG_WARN_SUSPICIOUS_MOVE = YES;
				CLANG_WARN_UNGUARDED_AVAILABILITY = YES_AGGRESSIVE;
				CLANG_WARN_UNREACHABLE_CODE = YES;
				CLANG_WARN__DUPLICATE_METHOD_MATCH = YES;
				COPY_PHASE_STRIP = NO;
				DEBUG_INFORMATION_FORMAT = dwarf;
				ENABLE_STRICT_OBJC_MSGSEND = YES;
				ENABLE_TESTABILITY = YES;
				ENABLE_USER_SCRIPT_SANDBOXING = YES;
				GCC_C_LANGUAGE_STANDARD = gnu17;
				GCC_DYNAMIC_NO_PIC = NO;
				GCC_NO_COMMON_BLOCKS = YES;
				GCC_OPTIMIZATION_LEVEL = 0;
				GCC_PREPROCESSOR_DEFINITIONS = (
					"DEBUG=1",
					"$(inherited)",
				);
				GCC_WARN_64_TO_32_BIT_CONVERSION = YES;
				GCC_WARN_ABOUT_RETURN_TYPE = YES_ERROR;
				GCC_WARN_UNDECLARED_SELECTOR = YES;
				GCC_WARN_UNINITIALIZED_AUTOS = YES_AGGRESSIVE;
				GCC_WARN_UNUSED_FUNCTION = YES;
				GCC_WARN_UNUSED_VARIABLE = YES;
				IPHONEOS_DEPLOYMENT_TARGET = 17.5;
				LOCALIZATION_PREFERS_STRING_CATALOGS = YES;
				MTL_ENABLE_DEBUG_INFO = INCLUDE_SOURCE;
				MTL_FAST_MATH = YES;
				ONLY_ACTIVE_ARCH = YES;
				SDKROOT = iphoneos;
				SWIFT_ACTIVE_COMPILATION_CONDITIONS = "DEBUG $(inherited)";
				SWIFT_OPTIMIZATION_LEVEL = "-Onone";
			};
			name = Debug;
		};
		6851648F2C0EF87500268CC1 /* Release */ = {
			isa = XCBuildConfiguration;
			buildSettings = {
				ALWAYS_SEARCH_USER_PATHS = NO;
				ASSETCATALOG_COMPILER_GENERATE_SWIFT_ASSET_SYMBOL_EXTENSIONS = YES;
				CLANG_ANALYZER_NONNULL = YES;
				CLANG_ANALYZER_NUMBER_OBJECT_CONVERSION = YES_AGGRESSIVE;
				CLANG_CXX_LANGUAGE_STANDARD = "gnu++20";
				CLANG_ENABLE_MODULES = YES;
				CLANG_ENABLE_OBJC_ARC = YES;
				CLANG_ENABLE_OBJC_WEAK = YES;
				CLANG_WARN_BLOCK_CAPTURE_AUTORELEASING = YES;
				CLANG_WARN_BOOL_CONVERSION = YES;
				CLANG_WARN_COMMA = YES;
				CLANG_WARN_CONSTANT_CONVERSION = YES;
				CLANG_WARN_DEPRECATED_OBJC_IMPLEMENTATIONS = YES;
				CLANG_WARN_DIRECT_OBJC_ISA_USAGE = YES_ERROR;
				CLANG_WARN_DOCUMENTATION_COMMENTS = YES;
				CLANG_WARN_EMPTY_BODY = YES;
				CLANG_WARN_ENUM_CONVERSION = YES;
				CLANG_WARN_INFINITE_RECURSION = YES;
				CLANG_WARN_INT_CONVERSION = YES;
				CLANG_WARN_NON_LITERAL_NULL_CONVERSION = YES;
				CLANG_WARN_OBJC_IMPLICIT_RETAIN_SELF = YES;
				CLANG_WARN_OBJC_LITERAL_CONVERSION = YES;
				CLANG_WARN_OBJC_ROOT_CLASS = YES_ERROR;
				CLANG_WARN_QUOTED_INCLUDE_IN_FRAMEWORK_HEADER = YES;
				CLANG_WARN_RANGE_LOOP_ANALYSIS = YES;
				CLANG_WARN_STRICT_PROTOTYPES = YES;
				CLANG_WARN_SUSPICIOUS_MOVE = YES;
				CLANG_WARN_UNGUARDED_AVAILABILITY = YES_AGGRESSIVE;
				CLANG_WARN_UNREACHABLE_CODE = YES;
				CLANG_WARN__DUPLICATE_METHOD_MATCH = YES;
				COPY_PHASE_STRIP = NO;
				DEBUG_INFORMATION_FORMAT = "dwarf-with-dsym";
				ENABLE_NS_ASSERTIONS = NO;
				ENABLE_STRICT_OBJC_MSGSEND = YES;
				ENABLE_USER_SCRIPT_SANDBOXING = YES;
				GCC_C_LANGUAGE_STANDARD = gnu17;
				GCC_NO_COMMON_BLOCKS = YES;
				GCC_WARN_64_TO_32_BIT_CONVERSION = YES;
				GCC_WARN_ABOUT_RETURN_TYPE = YES_ERROR;
				GCC_WARN_UNDECLARED_SELECTOR = YES;
				GCC_WARN_UNINITIALIZED_AUTOS = YES_AGGRESSIVE;
				GCC_WARN_UNUSED_FUNCTION = YES;
				GCC_WARN_UNUSED_VARIABLE = YES;
				IPHONEOS_DEPLOYMENT_TARGET = 17.5;
				LOCALIZATION_PREFERS_STRING_CATALOGS = YES;
				MTL_ENABLE_DEBUG_INFO = NO;
				MTL_FAST_MATH = YES;
				SDKROOT = iphoneos;
				SWIFT_COMPILATION_MODE = wholemodule;
				VALIDATE_PRODUCT = YES;
			};
			name = Release;
		};
		685164912C0EF87500268CC1 /* Debug */ = {
			isa = XCBuildConfiguration;
			buildSettings = {
				ASSETCATALOG_COMPILER_APPICON_NAME = AppIcon;
				ASSETCATALOG_COMPILER_GLOBAL_ACCENT_COLOR_NAME = AccentColor;
				CODE_SIGN_STYLE = Automatic;
				CURRENT_PROJECT_VERSION = 1;
				GENERATE_INFOPLIST_FILE = YES;
				INFOPLIST_FILE = YegrMediaEX/Info.plist;
				INFOPLIST_KEY_UIApplicationSupportsIndirectInputEvents = YES;
				INFOPLIST_KEY_UILaunchStoryboardName = LaunchScreen;
				INFOPLIST_KEY_UIMainStoryboardFile = Main;
				INFOPLIST_KEY_UISupportedInterfaceOrientations_iPad = "UIInterfaceOrientationPortrait UIInterfaceOrientationPortraitUpsideDown UIInterfaceOrientationLandscapeLeft UIInterfaceOrientationLandscapeRight";
				INFOPLIST_KEY_UISupportedInterfaceOrientations_iPhone = "UIInterfaceOrientationPortrait UIInterfaceOrientationLandscapeLeft UIInterfaceOrientationLandscapeRight";
				IPHONEOS_DEPLOYMENT_TARGET = 17.0;
				LD_RUNPATH_SEARCH_PATHS = (
					"$(inherited)",
					"@executable_path/Frameworks",
				);
				MARKETING_VERSION = 1.0;
				PRODUCT_BUNDLE_IDENTIFIER = YJ.YegrMediaEX;
				PRODUCT_NAME = "$(TARGET_NAME)";
				SUPPORTED_PLATFORMS = "iphoneos iphonesimulator";
				SUPPORTS_MACCATALYST = NO;
				SUPPORTS_MAC_DESIGNED_FOR_IPHONE_IPAD = NO;
				SUPPORTS_XR_DESIGNED_FOR_IPHONE_IPAD = NO;
				SWIFT_EMIT_LOC_STRINGS = YES;
				SWIFT_VERSION = 5.0;
				TARGETED_DEVICE_FAMILY = 1;
			};
			name = Debug;
		};
		685164922C0EF87500268CC1 /* Release */ = {
			isa = XCBuildConfiguration;
			buildSettings = {
				ASSETCATALOG_COMPILER_APPICON_NAME = AppIcon;
				ASSETCATALOG_COMPILER_GLOBAL_ACCENT_COLOR_NAME = AccentColor;
				CODE_SIGN_STYLE = Automatic;
				CURRENT_PROJECT_VERSION = 1;
				GENERATE_INFOPLIST_FILE = YES;
				INFOPLIST_FILE = YegrMediaEX/Info.plist;
				INFOPLIST_KEY_UIApplicationSupportsIndirectInputEvents = YES;
				INFOPLIST_KEY_UILaunchStoryboardName = LaunchScreen;
				INFOPLIST_KEY_UIMainStoryboardFile = Main;
				INFOPLIST_KEY_UISupportedInterfaceOrientations_iPad = "UIInterfaceOrientationPortrait UIInterfaceOrientationPortraitUpsideDown UIInterfaceOrientationLandscapeLeft UIInterfaceOrientationLandscapeRight";
				INFOPLIST_KEY_UISupportedInterfaceOrientations_iPhone = "UIInterfaceOrientationPortrait UIInterfaceOrientationLandscapeLeft UIInterfaceOrientationLandscapeRight";
				IPHONEOS_DEPLOYMENT_TARGET = 17.0;
				LD_RUNPATH_SEARCH_PATHS = (
					"$(inherited)",
					"@executable_path/Frameworks",
				);
				MARKETING_VERSION = 1.0;
				PRODUCT_BUNDLE_IDENTIFIER = YJ.YegrMediaEX;
				PRODUCT_NAME = "$(TARGET_NAME)";
				SUPPORTED_PLATFORMS = "iphoneos iphonesimulator";
				SUPPORTS_MACCATALYST = NO;
				SUPPORTS_MAC_DESIGNED_FOR_IPHONE_IPAD = NO;
				SUPPORTS_XR_DESIGNED_FOR_IPHONE_IPAD = NO;
				SWIFT_EMIT_LOC_STRINGS = YES;
				SWIFT_VERSION = 5.0;
				TARGETED_DEVICE_FAMILY = 1;
			};
			name = Release;
		};
/* End XCBuildConfiguration section */

/* Begin XCConfigurationList section */
		685164772C0EF87400268CC1 /* Build configuration list for PBXProject "YegrMediaEX" */ = {
			isa = XCConfigurationList;
			buildConfigurations = (
				6851648E2C0EF87500268CC1 /* Debug */,
				6851648F2C0EF87500268CC1 /* Release */,
			);
			defaultConfigurationIsVisible = 0;
			defaultConfigurationName = Release;
		};
		685164902C0EF87500268CC1 /* Build configuration list for PBXNativeTarget "YegrMediaEX" */ = {
			isa = XCConfigurationList;
			buildConfigurations = (
				685164912C0EF87500268CC1 /* Debug */,
				685164922C0EF87500268CC1 /* Release */,
			);
			defaultConfigurationIsVisible = 0;
			defaultConfigurationName = Release;
		};
/* End XCConfigurationList section */

/* Begin XCRemoteSwiftPackageReference section */
		6851649B2C0EFC3800268CC1 /* XCRemoteSwiftPackageReference "SnapKit" */ = {
			isa = XCRemoteSwiftPackageReference;
			repositoryURL = "https://github.com/SnapKit/SnapKit.git";
			requirement = {
				kind = upToNextMajorVersion;
				minimumVersion = 5.7.1;
			};
		};
/* End XCRemoteSwiftPackageReference section */

/* Begin XCSwiftPackageProductDependency section */
		6851649C2C0EFC3800268CC1 /* SnapKit */ = {
			isa = XCSwiftPackageProductDependency;
			package = 6851649B2C0EFC3800268CC1 /* XCRemoteSwiftPackageReference "SnapKit" */;
			productName = SnapKit;
		};
/* End XCSwiftPackageProductDependency section */
	};
	rootObject = 685164742C0EF87400268CC1 /* Project object */;
}
